
Microsoft Visual Studio Solution File, Format Version 12.00
# Visual Studio Version 17
VisualStudioVersion = 17.0.31919.166
MinimumVisualStudioVersion = 10.0.40219.1
Project("{FAE04EC0-301F-11D3-BF4B-00C04F79EFBC}") = "Ex1 pt 2", "Ex1 pt 2\Ex1 pt 2.csproj", "{1FD617A0-1DDF-4247-96C9-483123D09BB3}"
EndProject
Global
	GlobalSection(SolutionConfigurationPlatforms) = preSolution
		Debug|Any CPU = Debug|Any CPU
		Release|Any CPU = Release|Any CPU
	EndGlobalSection
	GlobalSection(ProjectConfigurationPlatforms) = postSolution
		{1FD617A0-1DDF-4247-96C9-483123D09BB3}.Debug|Any CPU.ActiveCfg = Debug|Any CPU
		{1FD617A0-1DDF-4247-96C9-483123D09BB3}.Debug|Any CPU.Build.0 = Debug|Any CPU
		{1FD617A0-1DDF-4247-96C9-483123D09BB3}.Release|Any CPU.ActiveCfg = Release|Any CPU
		{1FD617A0-1DDF-4247-96C9-483123D09BB3}.Release|Any CPU.Build.0 = Release|Any CPU
	EndGlobalSection
	GlobalSection(SolutionProperties) = preSolution
		HideSolutionNode = FALSE
	EndGlobalSection
	GlobalSection(ExtensibilityGlobals) = postSolution
		SolutionGuid = {D822A489-AFC5-4616-B820-4E37F847802F}
	EndGlobalSection
EndGlobal
