
Microsoft Visual Studio Solution File, Format Version 12.00
# Visual Studio Version 17
VisualStudioVersion = 17.0.31919.166
MinimumVisualStudioVersion = 10.0.40219.1
Project("{FAE04EC0-301F-11D3-BF4B-00C04F79EFBC}") = "Excercise 1", "Excercise 1\Excercise 1.csproj", "{DFC6C692-332F-4DC9-A6E1-DA4EA1003A65}"
EndProject
Global
	GlobalSection(SolutionConfigurationPlatforms) = preSolution
		Debug|Any CPU = Debug|Any CPU
		Release|Any CPU = Release|Any CPU
	EndGlobalSection
	GlobalSection(ProjectConfigurationPlatforms) = postSolution
		{DFC6C692-332F-4DC9-A6E1-DA4EA1003A65}.Debug|Any CPU.ActiveCfg = Debug|Any CPU
		{DFC6C692-332F-4DC9-A6E1-DA4EA1003A65}.Debug|Any CPU.Build.0 = Debug|Any CPU
		{DFC6C692-332F-4DC9-A6E1-DA4EA1003A65}.Release|Any CPU.ActiveCfg = Release|Any CPU
		{DFC6C692-332F-4DC9-A6E1-DA4EA1003A65}.Release|Any CPU.Build.0 = Release|Any CPU
	EndGlobalSection
	GlobalSection(SolutionProperties) = preSolution
		HideSolutionNode = FALSE
	EndGlobalSection
	GlobalSection(ExtensibilityGlobals) = postSolution
		SolutionGuid = {59D911DC-249E-4A1D-AC8C-EC35C4BDD435}
	EndGlobalSection
EndGlobal
