
Microsoft Visual Studio Solution File, Format Version 12.00
# Visual Studio Version 17
VisualStudioVersion = 17.0.31919.166
MinimumVisualStudioVersion = 10.0.40219.1
Project("{FAE04EC0-301F-11D3-BF4B-00C04F79EFBC}") = "Ex3 pt 4", "Ex3 pt 4\Ex3 pt 4.csproj", "{38421D02-7C65-4D8B-9A36-E96AC3E6901F}"
EndProject
Global
	GlobalSection(SolutionConfigurationPlatforms) = preSolution
		Debug|Any CPU = Debug|Any CPU
		Release|Any CPU = Release|Any CPU
	EndGlobalSection
	GlobalSection(ProjectConfigurationPlatforms) = postSolution
		{38421D02-7C65-4D8B-9A36-E96AC3E6901F}.Debug|Any CPU.ActiveCfg = Debug|Any CPU
		{38421D02-7C65-4D8B-9A36-E96AC3E6901F}.Debug|Any CPU.Build.0 = Debug|Any CPU
		{38421D02-7C65-4D8B-9A36-E96AC3E6901F}.Release|Any CPU.ActiveCfg = Release|Any CPU
		{38421D02-7C65-4D8B-9A36-E96AC3E6901F}.Release|Any CPU.Build.0 = Release|Any CPU
	EndGlobalSection
	GlobalSection(SolutionProperties) = preSolution
		HideSolutionNode = FALSE
	EndGlobalSection
	GlobalSection(ExtensibilityGlobals) = postSolution
		SolutionGuid = {D546EF55-0BA0-47DE-A160-57E8E5258474}
	EndGlobalSection
EndGlobal
